
Microsoft Visual Studio Solution File, Format Version 12.00
# Visual Studio Version 17
VisualStudioVersion = 17.11.35312.102
MinimumVisualStudioVersion = 10.0.40219.1
Project("{2150E333-8FDC-42A3-9474-1A3956D46DE8}") = "Src", "Src", "{DD26CED5-C7B6-41FC-96D9-A40FBC5D8C16}"
EndProject
Project("{2150E333-8FDC-42A3-9474-1A3956D46DE8}") = "Test", "Test", "{16A1DEB6-36D8-4B8E-A94D-05E538398576}"
EndProject
Project("{2150E333-8FDC-42A3-9474-1A3956D46DE8}") = "1.Core", "1.Core", "{641F54EC-B7BE-4A13-BB61-CBD9F366A3F0}"
EndProject
Project("{2150E333-8FDC-42A3-9474-1A3956D46DE8}") = "2.Infrastructure", "2.Infrastructure", "{89B7A757-BDEF-4FF8-9C06-639EF67323CE}"
EndProject
Project("{2150E333-8FDC-42A3-9474-1A3956D46DE8}") = "3.API", "3.API", "{2082C076-531E-4068-B6C5-F929A84377EA}"
EndProject
Project("{2150E333-8FDC-42A3-9474-1A3956D46DE8}") = "Domain", "Domain", "{AD8038C0-7222-4FDE-99D6-3DADDA842156}"
EndProject
Project("{2150E333-8FDC-42A3-9474-1A3956D46DE8}") = "Application", "Application", "{B9937543-6396-480C-A8B0-48F706C9B30B}"
EndProject
Project("{9A19103F-16F7-4668-BE54-9A1E7A4F7556}") = "TQMS_Admin_Domain", "Organization_Core\TQMS_Admin_Domain.csproj", "{8149F68B-31AC-4115-B47D-89D648DE0592}"
EndProject
Project("{9A19103F-16F7-4668-BE54-9A1E7A4F7556}") = "TQMS_Admin_Application", "Organization_Application\TQMS_Admin_Application.csproj", "{9FECE261-F481-46B0-A0A9-A1AF80F4560B}"
EndProject
Project("{9A19103F-16F7-4668-BE54-9A1E7A4F7556}") = "TQMS_Admin_Infrastructure", "Organization_Infrastructure\TQMS_Admin_Infrastructure.csproj", "{3E7ACE81-BA4D-47FA-AB45-78D1D41E6099}"
EndProject
Project("{9A19103F-16F7-4668-BE54-9A1E7A4F7556}") = "TQMS_Admin_API", "Organization_API\TQMS_Admin_API.csproj", "{17E9AEAA-1083-47B9-AF50-00CA02F6C70E}"
EndProject
Project("{9A19103F-16F7-4668-BE54-9A1E7A4F7556}") = "TQMS_Admin_Persistence", "TQMS_Organization_Persistence\TQMS_Admin_Persistence.csproj", "{2DE54B7E-DA39-4923-8DFC-F849E5AC652D}"
EndProject
Global
	GlobalSection(SolutionConfigurationPlatforms) = preSolution
		Debug|Any CPU = Debug|Any CPU
		Release|Any CPU = Release|Any CPU
	EndGlobalSection
	GlobalSection(ProjectConfigurationPlatforms) = postSolution
		{8149F68B-31AC-4115-B47D-89D648DE0592}.Debug|Any CPU.ActiveCfg = Debug|Any CPU
		{8149F68B-31AC-4115-B47D-89D648DE0592}.Debug|Any CPU.Build.0 = Debug|Any CPU
		{8149F68B-31AC-4115-B47D-89D648DE0592}.Release|Any CPU.ActiveCfg = Release|Any CPU
		{8149F68B-31AC-4115-B47D-89D648DE0592}.Release|Any CPU.Build.0 = Release|Any CPU
		{9FECE261-F481-46B0-A0A9-A1AF80F4560B}.Debug|Any CPU.ActiveCfg = Debug|Any CPU
		{9FECE261-F481-46B0-A0A9-A1AF80F4560B}.Debug|Any CPU.Build.0 = Debug|Any CPU
		{9FECE261-F481-46B0-A0A9-A1AF80F4560B}.Release|Any CPU.ActiveCfg = Release|Any CPU
		{9FECE261-F481-46B0-A0A9-A1AF80F4560B}.Release|Any CPU.Build.0 = Release|Any CPU
		{3E7ACE81-BA4D-47FA-AB45-78D1D41E6099}.Debug|Any CPU.ActiveCfg = Debug|Any CPU
		{3E7ACE81-BA4D-47FA-AB45-78D1D41E6099}.Debug|Any CPU.Build.0 = Debug|Any CPU
		{3E7ACE81-BA4D-47FA-AB45-78D1D41E6099}.Release|Any CPU.ActiveCfg = Release|Any CPU
		{3E7ACE81-BA4D-47FA-AB45-78D1D41E6099}.Release|Any CPU.Build.0 = Release|Any CPU
		{17E9AEAA-1083-47B9-AF50-00CA02F6C70E}.Debug|Any CPU.ActiveCfg = Debug|Any CPU
		{17E9AEAA-1083-47B9-AF50-00CA02F6C70E}.Debug|Any CPU.Build.0 = Debug|Any CPU
		{17E9AEAA-1083-47B9-AF50-00CA02F6C70E}.Release|Any CPU.ActiveCfg = Release|Any CPU
		{17E9AEAA-1083-47B9-AF50-00CA02F6C70E}.Release|Any CPU.Build.0 = Release|Any CPU
		{2DE54B7E-DA39-4923-8DFC-F849E5AC652D}.Debug|Any CPU.ActiveCfg = Debug|Any CPU
		{2DE54B7E-DA39-4923-8DFC-F849E5AC652D}.Debug|Any CPU.Build.0 = Debug|Any CPU
		{2DE54B7E-DA39-4923-8DFC-F849E5AC652D}.Release|Any CPU.ActiveCfg = Release|Any CPU
		{2DE54B7E-DA39-4923-8DFC-F849E5AC652D}.Release|Any CPU.Build.0 = Release|Any CPU
	EndGlobalSection
	GlobalSection(SolutionProperties) = preSolution
		HideSolutionNode = FALSE
	EndGlobalSection
	GlobalSection(NestedProjects) = preSolution
		{641F54EC-B7BE-4A13-BB61-CBD9F366A3F0} = {DD26CED5-C7B6-41FC-96D9-A40FBC5D8C16}
		{89B7A757-BDEF-4FF8-9C06-639EF67323CE} = {DD26CED5-C7B6-41FC-96D9-A40FBC5D8C16}
		{2082C076-531E-4068-B6C5-F929A84377EA} = {DD26CED5-C7B6-41FC-96D9-A40FBC5D8C16}
		{AD8038C0-7222-4FDE-99D6-3DADDA842156} = {641F54EC-B7BE-4A13-BB61-CBD9F366A3F0}
		{B9937543-6396-480C-A8B0-48F706C9B30B} = {641F54EC-B7BE-4A13-BB61-CBD9F366A3F0}
		{8149F68B-31AC-4115-B47D-89D648DE0592} = {AD8038C0-7222-4FDE-99D6-3DADDA842156}
		{9FECE261-F481-46B0-A0A9-A1AF80F4560B} = {B9937543-6396-480C-A8B0-48F706C9B30B}
		{3E7ACE81-BA4D-47FA-AB45-78D1D41E6099} = {89B7A757-BDEF-4FF8-9C06-639EF67323CE}
		{17E9AEAA-1083-47B9-AF50-00CA02F6C70E} = {2082C076-531E-4068-B6C5-F929A84377EA}
		{2DE54B7E-DA39-4923-8DFC-F849E5AC652D} = {89B7A757-BDEF-4FF8-9C06-639EF67323CE}
	EndGlobalSection
	GlobalSection(ExtensibilityGlobals) = postSolution
		SolutionGuid = {6B0A69EA-21E4-4092-B75E-2A0DD2CAFA77}
	EndGlobalSection
EndGlobal
